// !$*UTF8*$!
{
	archiveVersion = 1;
	classes = {
	};
	objectVersion = 48;
	objects = {

/* Begin PBXBuildFile section */
		560FB3F22102AB81005BFC4C /* AppDelegate.swift in Sources */ = {isa = PBXBuildFile; fileRef = 560FB3F12102AB81005BFC4C /* AppDelegate.swift */; };
		560FB3F42102AB81005BFC4C /* ViewController.swift in Sources */ = {isa = PBXBuildFile; fileRef = 560FB3F32102AB81005BFC4C /* ViewController.swift */; };
		560FB3F72102AB81005BFC4C /* Main.storyboard in Resources */ = {isa = PBXBuildFile; fileRef = 560FB3F52102AB81005BFC4C /* Main.storyboard */; };
		560FB3F92102AB81005BFC4C /* Assets.xcassets in Resources */ = {isa = PBXBuildFile; fileRef = 560FB3F82102AB81005BFC4C /* Assets.xcassets */; };
		560FB3FC2102AB81005BFC4C /* LaunchScreen.storyboard in Resources */ = {isa = PBXBuildFile; fileRef = 560FB3FA2102AB81005BFC4C /* LaunchScreen.storyboard */; };
		560FB4072102AB81005BFC4C /* MidasTests.swift in Sources */ = {isa = PBXBuildFile; fileRef = 560FB4062102AB81005BFC4C /* MidasTests.swift */; };
		560FB4122102AB81005BFC4C /* MidasUITests.swift in Sources */ = {isa = PBXBuildFile; fileRef = 560FB4112102AB81005BFC4C /* MidasUITests.swift */; };
/* End PBXBuildFile section */

/* Begin PBXContainerItemProxy section */
		560FB4032102AB81005BFC4C /* PBXContainerItemProxy */ = {
			isa = PBXContainerItemProxy;
			containerPortal = 560FB3E62102AB81005BFC4C /* Project object */;
			proxyType = 1;
			remoteGlobalIDString = 560FB3ED2102AB81005BFC4C;
			remoteInfo = Midas;
		};
		560FB40E2102AB81005BFC4C /* PBXContainerItemProxy */ = {
			isa = PBXContainerItemProxy;
			containerPortal = 560FB3E62102AB81005BFC4C /* Project object */;
			proxyType = 1;
			remoteGlobalIDString = 560FB3ED2102AB81005BFC4C;
			remoteInfo = Midas;
		};
/* End PBXContainerItemProxy section */

/* Begin PBXFileReference section */
		560FB3EE2102AB81005BFC4C /* Midas.app */ = {isa = PBXFileReference; explicitFileType = wrapper.application; includeInIndex = 0; path = Midas.app; sourceTree = BUILT_PRODUCTS_DIR; };
		560FB3F12102AB81005BFC4C /* AppDelegate.swift */ = {isa = PBXFileReference; lastKnownFileType = sourcecode.swift; path = AppDelegate.swift; sourceTree = "<group>"; };
		560FB3F32102AB81005BFC4C /* ViewController.swift */ = {isa = PBXFileReference; lastKnownFileType = sourcecode.swift; path = ViewController.swift; sourceTree = "<group>"; };
		560FB3F62102AB81005BFC4C /* Base */ = {isa = PBXFileReference; lastKnownFileType = file.storyboard; name = Base; path = Base.lproj/Main.storyboard; sourceTree = "<group>"; };
		560FB3F82102AB81005BFC4C /* Assets.xcassets */ = {isa = PBXFileReference; lastKnownFileType = folder.assetcatalog; path = Assets.xcassets; sourceTree = "<group>"; };
		560FB3FB2102AB81005BFC4C /* Base */ = {isa = PBXFileReference; lastKnownFileType = file.storyboard; name = Base; path = Base.lproj/LaunchScreen.storyboard; sourceTree = "<group>"; };
		560FB3FD2102AB81005BFC4C /* Info.plist */ = {isa = PBXFileReference; lastKnownFileType = text.plist.xml; path = Info.plist; sourceTree = "<group>"; };
		560FB4022102AB81005BFC4C /* MidasTests.xctest */ = {isa = PBXFileReference; explicitFileType = wrapper.cfbundle; includeInIndex = 0; path = MidasTests.xctest; sourceTree = BUILT_PRODUCTS_DIR; };
		560FB4062102AB81005BFC4C /* MidasTests.swift */ = {isa = PBXFileReference; lastKnownFileType = sourcecode.swift; path = MidasTests.swift; sourceTree = "<group>"; };
		560FB4082102AB81005BFC4C /* Info.plist */ = {isa = PBXFileReference; lastKnownFileType = text.plist.xml; path = Info.plist; sourceTree = "<group>"; };
		560FB40D2102AB81005BFC4C /* MidasUITests.xctest */ = {isa = PBXFileReference; explicitFileType = wrapper.cfbundle; includeInIndex = 0; path = MidasUITests.xctest; sourceTree = BUILT_PRODUCTS_DIR; };
		560FB4112102AB81005BFC4C /* MidasUITests.swift */ = {isa = PBXFileReference; lastKnownFileType = sourcecode.swift; path = MidasUITests.swift; sourceTree = "<group>"; };
		560FB4132102AB81005BFC4C /* Info.plist */ = {isa = PBXFileReference; lastKnownFileType = text.plist.xml; path = Info.plist; sourceTree = "<group>"; };
/* End PBXFileReference section */

/* Begin PBXFrameworksBuildPhase section */
		560FB3EB2102AB81005BFC4C /* Frameworks */ = {
			isa = PBXFrameworksBuildPhase;
			buildActionMask = 2147483647;
			files = (
			);
			runOnlyForDeploymentPostprocessing = 0;
		};
		560FB3FF2102AB81005BFC4C /* Frameworks */ = {
			isa = PBXFrameworksBuildPhase;
			buildActionMask = 2147483647;
			files = (
			);
			runOnlyForDeploymentPostprocessing = 0;
		};
		560FB40A2102AB81005BFC4C /* Frameworks */ = {
			isa = PBXFrameworksBuildPhase;
			buildActionMask = 2147483647;
			files = (
			);
			runOnlyForDeploymentPostprocessing = 0;
		};
/* End PBXFrameworksBuildPhase section */

/* Begin PBXGroup section */
		560FB3E52102AB81005BFC4C = {
			isa = PBXGroup;
			children = (
				560FB3F02102AB81005BFC4C /* Midas */,
				560FB4052102AB81005BFC4C /* MidasTests */,
				560FB4102102AB81005BFC4C /* MidasUITests */,
				560FB3EF2102AB81005BFC4C /* Products */,
			);
			sourceTree = "<group>";
		};
		560FB3EF2102AB81005BFC4C /* Products */ = {
			isa = PBXGroup;
			children = (
				560FB3EE2102AB81005BFC4C /* Midas.app */,
				560FB4022102AB81005BFC4C /* MidasTests.xctest */,
				560FB40D2102AB81005BFC4C /* MidasUITests.xctest */,
			);
			name = Products;
			sourceTree = "<group>";
		};
		560FB3F02102AB81005BFC4C /* Midas */ = {
			isa = PBXGroup;
			children = (
				560FB3F12102AB81005BFC4C /* AppDelegate.swift */,
				560FB3F32102AB81005BFC4C /* ViewController.swift */,
				560FB3F52102AB81005BFC4C /* Main.storyboard */,
				560FB3F82102AB81005BFC4C /* Assets.xcassets */,
				560FB3FA2102AB81005BFC4C /* LaunchScreen.storyboard */,
				560FB3FD2102AB81005BFC4C /* Info.plist */,
			);
			path = Midas;
			sourceTree = "<group>";
		};
		560FB4052102AB81005BFC4C /* MidasTests */ = {
			isa = PBXGroup;
			children = (
				560FB4062102AB81005BFC4C /* MidasTests.swift */,
				560FB4082102AB81005BFC4C /* Info.plist */,
			);
			path = MidasTests;
			sourceTree = "<group>";
		};
		560FB4102102AB81005BFC4C /* MidasUITests */ = {
			isa = PBXGroup;
			children = (
				560FB4112102AB81005BFC4C /* MidasUITests.swift */,
				560FB4132102AB81005BFC4C /* Info.plist */,
			);
			path = MidasUITests;
			sourceTree = "<group>";
		};
/* End PBXGroup section */

/* Begin PBXNativeTarget section */
		560FB3ED2102AB81005BFC4C /* Midas */ = {
			isa = PBXNativeTarget;
			buildConfigurationList = 560FB4162102AB81005BFC4C /* Build configuration list for PBXNativeTarget "Midas" */;
			buildPhases = (
				560FB3EA2102AB81005BFC4C /* Sources */,
				560FB3EB2102AB81005BFC4C /* Frameworks */,
				560FB3EC2102AB81005BFC4C /* Resources */,
			);
			buildRules = (
			);
			dependencies = (
			);
			name = Midas;
			productName = Midas;
			productReference = 560FB3EE2102AB81005BFC4C /* Midas.app */;
			productType = "com.apple.product-type.application";
		};
		560FB4012102AB81005BFC4C /* MidasTests */ = {
			isa = PBXNativeTarget;
			buildConfigurationList = 560FB4192102AB81005BFC4C /* Build configuration list for PBXNativeTarget "MidasTests" */;
			buildPhases = (
				560FB3FE2102AB81005BFC4C /* Sources */,
				560FB3FF2102AB81005BFC4C /* Frameworks */,
				560FB4002102AB81005BFC4C /* Resources */,
			);
			buildRules = (
			);
			dependencies = (
				560FB4042102AB81005BFC4C /* PBXTargetDependency */,
			);
			name = MidasTests;
			productName = MidasTests;
			productReference = 560FB4022102AB81005BFC4C /* MidasTests.xctest */;
			productType = "com.apple.product-type.bundle.unit-test";
		};
		560FB40C2102AB81005BFC4C /* MidasUITests */ = {
			isa = PBXNativeTarget;
			buildConfigurationList = 560FB41C2102AB81005BFC4C /* Build configuration list for PBXNativeTarget "MidasUITests" */;
			buildPhases = (
				560FB4092102AB81005BFC4C /* Sources */,
				560FB40A2102AB81005BFC4C /* Frameworks */,
				560FB40B2102AB81005BFC4C /* Resources */,
			);
			buildRules = (
			);
			dependencies = (
				560FB40F2102AB81005BFC4C /* PBXTargetDependency */,
			);
			name = MidasUITests;
			productName = MidasUITests;
			productReference = 560FB40D2102AB81005BFC4C /* MidasUITests.xctest */;
			productType = "com.apple.product-type.bundle.ui-testing";
		};
/* End PBXNativeTarget section */

/* Begin PBXProject section */
		560FB3E62102AB81005BFC4C /* Project object */ = {
			isa = PBXProject;
			attributes = {
				LastSwiftUpdateCheck = 0920;
				LastUpgradeCheck = 0920;
				ORGANIZATIONNAME = "Marina Tassi";
				TargetAttributes = {
					560FB3ED2102AB81005BFC4C = {
						CreatedOnToolsVersion = 9.2;
						ProvisioningStyle = Automatic;
					};
					560FB4012102AB81005BFC4C = {
						CreatedOnToolsVersion = 9.2;
						ProvisioningStyle = Automatic;
						TestTargetID = 560FB3ED2102AB81005BFC4C;
					};
					560FB40C2102AB81005BFC4C = {
						CreatedOnToolsVersion = 9.2;
						ProvisioningStyle = Automatic;
						TestTargetID = 560FB3ED2102AB81005BFC4C;
					};
				};
			};
			buildConfigurationList = 560FB3E92102AB81005BFC4C /* Build configuration list for PBXProject "Midas" */;
			compatibilityVersion = "Xcode 8.0";
			developmentRegion = en;
			hasScannedForEncodings = 0;
			knownRegions = (
				en,
				Base,
			);
			mainGroup = 560FB3E52102AB81005BFC4C;
			productRefGroup = 560FB3EF2102AB81005BFC4C /* Products */;
			projectDirPath = "";
			projectRoot = "";
			targets = (
				560FB3ED2102AB81005BFC4C /* Midas */,
				560FB4012102AB81005BFC4C /* MidasTests */,
				560FB40C2102AB81005BFC4C /* MidasUITests */,
			);
		};
/* End PBXProject section */

/* Begin PBXResourcesBuildPhase section */
		560FB3EC2102AB81005BFC4C /* Resources */ = {
			isa = PBXResourcesBuildPhase;
			buildActionMask = 2147483647;
			files = (
				560FB3FC2102AB81005BFC4C /* LaunchScreen.storyboard in Resources */,
				560FB3F92102AB81005BFC4C /* Assets.xcassets in Resources */,
				560FB3F72102AB81005BFC4C /* Main.storyboard in Resources */,
			);
			runOnlyForDeploymentPostprocessing = 0;
		};
		560FB4002102AB81005BFC4C /* Resources */ = {
			isa = PBXResourcesBuildPhase;
			buildActionMask = 2147483647;
			files = (
			);
			runOnlyForDeploymentPostprocessing = 0;
		};
		560FB40B2102AB81005BFC4C /* Resources */ = {
			isa = PBXResourcesBuildPhase;
			buildActionMask = 2147483647;
			files = (
			);
			runOnlyForDeploymentPostprocessing = 0;
		};
/* End PBXResourcesBuildPhase section */

/* Begin PBXSourcesBuildPhase section */
		560FB3EA2102AB81005BFC4C /* Sources */ = {
			isa = PBXSourcesBuildPhase;
			buildActionMask = 2147483647;
			files = (
				560FB3F42102AB81005BFC4C /* ViewController.swift in Sources */,
				560FB3F22102AB81005BFC4C /* AppDelegate.swift in Sources */,
			);
			runOnlyForDeploymentPostprocessing = 0;
		};
		560FB3FE2102AB81005BFC4C /* Sources */ = {
			isa = PBXSourcesBuildPhase;
			buildActionMask = 2147483647;
			files = (
				560FB4072102AB81005BFC4C /* MidasTests.swift in Sources */,
			);
			runOnlyForDeploymentPostprocessing = 0;
		};
		560FB4092102AB81005BFC4C /* Sources */ = {
			isa = PBXSourcesBuildPhase;
			buildActionMask = 2147483647;
			files = (
				560FB4122102AB81005BFC4C /* MidasUITests.swift in Sources */,
			);
			runOnlyForDeploymentPostprocessing = 0;
		};
/* End PBXSourcesBuildPhase section */

/* Begin PBXTargetDependency section */
		560FB4042102AB81005BFC4C /* PBXTargetDependency */ = {
			isa = PBXTargetDependency;
			target = 560FB3ED2102AB81005BFC4C /* Midas */;
			targetProxy = 560FB4032102AB81005BFC4C /* PBXContainerItemProxy */;
		};
		560FB40F2102AB81005BFC4C /* PBXTargetDependency */ = {
			isa = PBXTargetDependency;
			target = 560FB3ED2102AB81005BFC4C /* Midas */;
			targetProxy = 560FB40E2102AB81005BFC4C /* PBXContainerItemProxy */;
		};
/* End PBXTargetDependency section */

/* Begin PBXVariantGroup section */
		560FB3F52102AB81005BFC4C /* Main.storyboard */ = {
			isa = PBXVariantGroup;
			children = (
				560FB3F62102AB81005BFC4C /* Base */,
			);
			name = Main.storyboard;
			sourceTree = "<group>";
		};
		560FB3FA2102AB81005BFC4C /* LaunchScreen.storyboard */ = {
			isa = PBXVariantGroup;
			children = (
				560FB3FB2102AB81005BFC4C /* Base */,
			);
			name = LaunchScreen.storyboard;
			sourceTree = "<group>";
		};
/* End PBXVariantGroup section */

/* Begin XCBuildConfiguration section */
		560FB4142102AB81005BFC4C /* Debug */ = {
			isa = XCBuildConfiguration;
			buildSettings = {
				ALWAYS_SEARCH_USER_PATHS = NO;
				CLANG_ANALYZER_NONNULL = YES;
				CLANG_ANALYZER_NUMBER_OBJECT_CONVERSION = YES_AGGRESSIVE;
				CLANG_CXX_LANGUAGE_STANDARD = "gnu++14";
				CLANG_CXX_LIBRARY = "libc++";
				CLANG_ENABLE_MODULES = YES;
				CLANG_ENABLE_OBJC_ARC = YES;
				CLANG_WARN_BLOCK_CAPTURE_AUTORELEASING = YES;
				CLANG_WARN_BOOL_CONVERSION = YES;
				CLANG_WARN_COMMA = YES;
				CLANG_WARN_CONSTANT_CONVERSION = YES;
				CLANG_WARN_DIRECT_OBJC_ISA_USAGE = YES_ERROR;
				CLANG_WARN_DOCUMENTATION_COMMENTS = YES;
				CLANG_WARN_EMPTY_BODY = YES;
				CLANG_WARN_ENUM_CONVERSION = YES;
				CLANG_WARN_INFINITE_RECURSION = YES;
				CLANG_WARN_INT_CONVERSION = YES;
				CLANG_WARN_NON_LITERAL_NULL_CONVERSION = YES;
				CLANG_WARN_OBJC_LITERAL_CONVERSION = YES;
				CLANG_WARN_OBJC_ROOT_CLASS = YES_ERROR;
				CLANG_WARN_RANGE_LOOP_ANALYSIS = YES;
				CLANG_WARN_STRICT_PROTOTYPES = YES;
				CLANG_WARN_SUSPICIOUS_MOVE = YES;
				CLANG_WARN_UNGUARDED_AVAILABILITY = YES_AGGRESSIVE;
				CLANG_WARN_UNREACHABLE_CODE = YES;
				CLANG_WARN__DUPLICATE_METHOD_MATCH = YES;
				CODE_SIGN_IDENTITY = "iPhone Developer";
				COPY_PHASE_STRIP = NO;
				DEBUG_INFORMATION_FORMAT = dwarf;
				ENABLE_STRICT_OBJC_MSGSEND = YES;
				ENABLE_TESTABILITY = YES;
				GCC_C_LANGUAGE_STANDARD = gnu11;
				GCC_DYNAMIC_NO_PIC = NO;
				GCC_NO_COMMON_BLOCKS = YES;
				GCC_OPTIMIZATION_LEVEL = 0;
				GCC_PREPROCESSOR_DEFINITIONS = (
					"DEBUG=1",
					"$(inherited)",
				);
				GCC_WARN_64_TO_32_BIT_CONVERSION = YES;
				GCC_WARN_ABOUT_RETURN_TYPE = YES_ERROR;
				GCC_WARN_UNDECLARED_SELECTOR = YES;
				GCC_WARN_UNINITIALIZED_AUTOS = YES_AGGRESSIVE;
				GCC_WARN_UNUSED_FUNCTION = YES;
				GCC_WARN_UNUSED_VARIABLE = YES;
				IPHONEOS_DEPLOYMENT_TARGET = 11.2;
				MTL_ENABLE_DEBUG_INFO = YES;
				ONLY_ACTIVE_ARCH = YES;
				SDKROOT = iphoneos;
				SWIFT_ACTIVE_COMPILATION_CONDITIONS = DEBUG;
				SWIFT_OPTIMIZATION_LEVEL = "-Onone";
			};
			name = Debug;
		};
		560FB4152102AB81005BFC4C /* Release */ = {
			isa = XCBuildConfiguration;
			buildSettings = {
				ALWAYS_SEARCH_USER_PATHS = NO;
				CLANG_ANALYZER_NONNULL = YES;
				CLANG_ANALYZER_NUMBER_OBJECT_CONVERSION = YES_AGGRESSIVE;
				CLANG_CXX_LANGUAGE_STANDARD = "gnu++14";
				CLANG_CXX_LIBRARY = "libc++";
				CLANG_ENABLE_MODULES = YES;
				CLANG_ENABLE_OBJC_ARC = YES;
				CLANG_WARN_BLOCK_CAPTURE_AUTORELEASING = YES;
				CLANG_WARN_BOOL_CONVERSION = YES;
				CLANG_WARN_COMMA = YES;
				CLANG_WARN_CONSTANT_CONVERSION = YES;
				CLANG_WARN_DIRECT_OBJC_ISA_USAGE = YES_ERROR;
				CLANG_WARN_DOCUMENTATION_COMMENTS = YES;
				CLANG_WARN_EMPTY_BODY = YES;
				CLANG_WARN_ENUM_CONVERSION = YES;
				CLANG_WARN_INFINITE_RECURSION = YES;
				CLANG_WARN_INT_CONVERSION = YES;
				CLANG_WARN_NON_LITERAL_NULL_CONVERSION = YES;
				CLANG_WARN_OBJC_LITERAL_CONVERSION = YES;
				CLANG_WARN_OBJC_ROOT_CLASS = YES_ERROR;
				CLANG_WARN_RANGE_LOOP_ANALYSIS = YES;
				CLANG_WARN_STRICT_PROTOTYPES = YES;
				CLANG_WARN_SUSPICIOUS_MOVE = YES;
				CLANG_WARN_UNGUARDED_AVAILABILITY = YES_AGGRESSIVE;
				CLANG_WARN_UNREACHABLE_CODE = YES;
				CLANG_WARN__DUPLICATE_METHOD_MATCH = YES;
				CODE_SIGN_IDENTITY = "iPhone Developer";
				COPY_PHASE_STRIP = NO;
				DEBUG_INFORMATION_FORMAT = "dwarf-with-dsym";
				ENABLE_NS_ASSERTIONS = NO;
				ENABLE_STRICT_OBJC_MSGSEND = YES;
				GCC_C_LANGUAGE_STANDARD = gnu11;
				GCC_NO_COMMON_BLOCKS = YES;
				GCC_WARN_64_TO_32_BIT_CONVERSION = YES;
				GCC_WARN_ABOUT_RETURN_TYPE = YES_ERROR;
				GCC_WARN_UNDECLARED_SELECTOR = YES;
				GCC_WARN_UNINITIALIZED_AUTOS = YES_AGGRESSIVE;
				GCC_WARN_UNUSED_FUNCTION = YES;
				GCC_WARN_UNUSED_VARIABLE = YES;
				IPHONEOS_DEPLOYMENT_TARGET = 11.2;
				MTL_ENABLE_DEBUG_INFO = NO;
				SDKROOT = iphoneos;
				SWIFT_OPTIMIZATION_LEVEL = "-Owholemodule";
				VALIDATE_PRODUCT = YES;
			};
			name = Release;
		};
		560FB4172102AB81005BFC4C /* Debug */ = {
			isa = XCBuildConfiguration;
			buildSettings = {
				ASSETCATALOG_COMPILER_APPICON_NAME = AppIcon;
				CODE_SIGN_STYLE = Automatic;
				INFOPLIST_FILE = Midas/Info.plist;
				LD_RUNPATH_SEARCH_PATHS = "$(inherited) @executable_path/Frameworks";
				PRODUCT_BUNDLE_IDENTIFIER = Simplicity.Midas;
				PRODUCT_NAME = "$(TARGET_NAME)";
				SWIFT_VERSION = 4.0;
				TARGETED_DEVICE_FAMILY = "1,2";
			};
			name = Debug;
		};
		560FB4182102AB81005BFC4C /* Release */ = {
			isa = XCBuildConfiguration;
			buildSettings = {
				ASSETCATALOG_COMPILER_APPICON_NAME = AppIcon;
				CODE_SIGN_STYLE = Automatic;
				INFOPLIST_FILE = Midas/Info.plist;
				LD_RUNPATH_SEARCH_PATHS = "$(inherited) @executable_path/Frameworks";
				PRODUCT_BUNDLE_IDENTIFIER = Simplicity.Midas;
				PRODUCT_NAME = "$(TARGET_NAME)";
				SWIFT_VERSION = 4.0;
				TARGETED_DEVICE_FAMILY = "1,2";
			};
			name = Release;
		};
		560FB41A2102AB81005BFC4C /* Debug */ = {
			isa = XCBuildConfiguration;
			buildSettings = {
				ALWAYS_EMBED_SWIFT_STANDARD_LIBRARIES = YES;
				BUNDLE_LOADER = "$(TEST_HOST)";
				CODE_SIGN_STYLE = Automatic;
				INFOPLIST_FILE = MidasTests/Info.plist;
				LD_RUNPATH_SEARCH_PATHS = "$(inherited) @executable_path/Frameworks @loader_path/Frameworks";
				PRODUCT_BUNDLE_IDENTIFIER = Simplicity.MidasTests;
				PRODUCT_NAME = "$(TARGET_NAME)";
				SWIFT_VERSION = 4.0;
				TARGETED_DEVICE_FAMILY = "1,2";
				TEST_HOST = "$(BUILT_PRODUCTS_DIR)/Midas.app/Midas";
			};
			name = Debug;
		};
		560FB41B2102AB81005BFC4C /* Release */ = {
			isa = XCBuildConfiguration;
			buildSettings = {
				ALWAYS_EMBED_SWIFT_STANDARD_LIBRARIES = YES;
				BUNDLE_LOADER = "$(TEST_HOST)";
				CODE_SIGN_STYLE = Automatic;
				INFOPLIST_FILE = MidasTests/Info.plist;
				LD_RUNPATH_SEARCH_PATHS = "$(inherited) @executable_path/Frameworks @loader_path/Frameworks";
				PRODUCT_BUNDLE_IDENTIFIER = Simplicity.MidasTests;
				PRODUCT_NAME = "$(TARGET_NAME)";
				SWIFT_VERSION = 4.0;
				TARGETED_DEVICE_FAMILY = "1,2";
				TEST_HOST = "$(BUILT_PRODUCTS_DIR)/Midas.app/Midas";
			};
			name = Release;
		};
		560FB41D2102AB81005BFC4C /* Debug */ = {
			isa = XCBuildConfiguration;
			buildSettings = {
				ALWAYS_EMBED_SWIFT_STANDARD_LIBRARIES = YES;
				CODE_SIGN_STYLE = Automatic;
				INFOPLIST_FILE = MidasUITests/Info.plist;
				LD_RUNPATH_SEARCH_PATHS = "$(inherited) @executable_path/Frameworks @loader_path/Frameworks";
				PRODUCT_BUNDLE_IDENTIFIER = Simplicity.MidasUITests;
				PRODUCT_NAME = "$(TARGET_NAME)";
				SWIFT_VERSION = 4.0;
				TARGETED_DEVICE_FAMILY = "1,2";
				TEST_TARGET_NAME = Midas;
			};
			name = Debug;
		};
		560FB41E2102AB81005BFC4C /* Release */ = {
			isa = XCBuildConfiguration;
			buildSettings = {
				ALWAYS_EMBED_SWIFT_STANDARD_LIBRARIES = YES;
				CODE_SIGN_STYLE = Automatic;
				INFOPLIST_FILE = MidasUITests/Info.plist;
				LD_RUNPATH_SEARCH_PATHS = "$(inherited) @executable_path/Frameworks @loader_path/Frameworks";
				PRODUCT_BUNDLE_IDENTIFIER = Simplicity.MidasUITests;
				PRODUCT_NAME = "$(TARGET_NAME)";
				SWIFT_VERSION = 4.0;
				TARGETED_DEVICE_FAMILY = "1,2";
				TEST_TARGET_NAME = Midas;
			};
			name = Release;
		};
/* End XCBuildConfiguration section */

/* Begin XCConfigurationList section */
		560FB3E92102AB81005BFC4C /* Build configuration list for PBXProject "Midas" */ = {
			isa = XCConfigurationList;
			buildConfigurations = (
				560FB4142102AB81005BFC4C /* Debug */,
				560FB4152102AB81005BFC4C /* Release */,
			);
			defaultConfigurationIsVisible = 0;
			defaultConfigurationName = Release;
		};
		560FB4162102AB81005BFC4C /* Build configuration list for PBXNativeTarget "Midas" */ = {
			isa = XCConfigurationList;
			buildConfigurations = (
				560FB4172102AB81005BFC4C /* Debug */,
				560FB4182102AB81005BFC4C /* Release */,
			);
			defaultConfigurationIsVisible = 0;
			defaultConfigurationName = Release;
		};
		560FB4192102AB81005BFC4C /* Build configuration list for PBXNativeTarget "MidasTests" */ = {
			isa = XCConfigurationList;
			buildConfigurations = (
				560FB41A2102AB81005BFC4C /* Debug */,
				560FB41B2102AB81005BFC4C /* Release */,
			);
			defaultConfigurationIsVisible = 0;
			defaultConfigurationName = Release;
		};
		560FB41C2102AB81005BFC4C /* Build configuration list for PBXNativeTarget "MidasUITests" */ = {
			isa = XCConfigurationList;
			buildConfigurations = (
				560FB41D2102AB81005BFC4C /* Debug */,
				560FB41E2102AB81005BFC4C /* Release */,
			);
			defaultConfigurationIsVisible = 0;
			defaultConfigurationName = Release;
		};
/* End XCConfigurationList section */
	};
	rootObject = 560FB3E62102AB81005BFC4C /* Project object */;
}
